// !$*UTF8*$!
{
	archiveVersion = 1;
	classes = {
	};
	objectVersion = 46;
	objects = {

/* Begin PBXBuildFile section */
		340D9B991512C49500A904F6 /* MjAPIConnection.m in Sources */ = {isa = PBXBuildFile; fileRef = 340D9B981512C49500A904F6 /* MjAPIConnection.m */; };
		340D9BB61512C92400A904F6 /* NSObject+SBJson.m in Sources */ = {isa = PBXBuildFile; fileRef = 340D9B9E1512C92400A904F6 /* NSObject+SBJson.m */; };
		340D9BB71512C92400A904F6 /* SBJsonParser.m in Sources */ = {isa = PBXBuildFile; fileRef = 340D9BA11512C92400A904F6 /* SBJsonParser.m */; };
		340D9BB81512C92400A904F6 /* SBJsonStreamParser.m in Sources */ = {isa = PBXBuildFile; fileRef = 340D9BA31512C92400A904F6 /* SBJsonStreamParser.m */; };
		340D9BB91512C92400A904F6 /* SBJsonStreamParserAccumulator.m in Sources */ = {isa = PBXBuildFile; fileRef = 340D9BA51512C92400A904F6 /* SBJsonStreamParserAccumulator.m */; };
		340D9BBA1512C92400A904F6 /* SBJsonStreamParserAdapter.m in Sources */ = {isa = PBXBuildFile; fileRef = 340D9BA71512C92400A904F6 /* SBJsonStreamParserAdapter.m */; };
		340D9BBB1512C92400A904F6 /* SBJsonStreamParserState.m in Sources */ = {isa = PBXBuildFile; fileRef = 340D9BA91512C92400A904F6 /* SBJsonStreamParserState.m */; };
		340D9BBC1512C92400A904F6 /* SBJsonStreamWriter.m in Sources */ = {isa = PBXBuildFile; fileRef = 340D9BAB1512C92400A904F6 /* SBJsonStreamWriter.m */; };
		340D9BBD1512C92400A904F6 /* SBJsonStreamWriterAccumulator.m in Sources */ = {isa = PBXBuildFile; fileRef = 340D9BAD1512C92400A904F6 /* SBJsonStreamWriterAccumulator.m */; };
		340D9BBE1512C92400A904F6 /* SBJsonStreamWriterState.m in Sources */ = {isa = PBXBuildFile; fileRef = 340D9BAF1512C92400A904F6 /* SBJsonStreamWriterState.m */; };
		340D9BBF1512C92400A904F6 /* SBJsonTokeniser.m in Sources */ = {isa = PBXBuildFile; fileRef = 340D9BB11512C92400A904F6 /* SBJsonTokeniser.m */; };
		340D9BC01512C92400A904F6 /* SBJsonUTF8Stream.m in Sources */ = {isa = PBXBuildFile; fileRef = 340D9BB31512C92400A904F6 /* SBJsonUTF8Stream.m */; };
		340D9BC11512C92400A904F6 /* SBJsonWriter.m in Sources */ = {isa = PBXBuildFile; fileRef = 340D9BB51512C92400A904F6 /* SBJsonWriter.m */; };
		340D9BC41512CFDC00A904F6 /* AgariUnitTest.m in Sources */ = {isa = PBXBuildFile; fileRef = 340D9BC31512CFDC00A904F6 /* AgariUnitTest.m */; };
		340D9BC71512D4A100A904F6 /* Agari.m in Sources */ = {isa = PBXBuildFile; fileRef = C05E1F0D15126D6900751EAA /* Agari.m */; };
		340D9BC81512D4EE00A904F6 /* Yaku.m in Sources */ = {isa = PBXBuildFile; fileRef = C05E1F071512596D00751EAA /* Yaku.m */; };
		340D9BC91512DA6600A904F6 /* JSON.h in Sources */ = {isa = PBXBuildFile; fileRef = 340D9B9C1512C92400A904F6 /* JSON.h */; };
		340D9BCA1512DA6600A904F6 /* NSObject+SBJson.h in Sources */ = {isa = PBXBuildFile; fileRef = 340D9B9D1512C92400A904F6 /* NSObject+SBJson.h */; };
		340D9BCB1512DA6600A904F6 /* NSObject+SBJson.m in Sources */ = {isa = PBXBuildFile; fileRef = 340D9B9E1512C92400A904F6 /* NSObject+SBJson.m */; };
		340D9BCC1512DA6600A904F6 /* SBJson.h in Sources */ = {isa = PBXBuildFile; fileRef = 340D9B9F1512C92400A904F6 /* SBJson.h */; };
		340D9BCD1512DA6600A904F6 /* SBJsonParser.h in Sources */ = {isa = PBXBuildFile; fileRef = 340D9BA01512C92400A904F6 /* SBJsonParser.h */; };
		340D9BCE1512DA6600A904F6 /* SBJsonParser.m in Sources */ = {isa = PBXBuildFile; fileRef = 340D9BA11512C92400A904F6 /* SBJsonParser.m */; };
		340D9BCF1512DA6600A904F6 /* SBJsonStreamParser.h in Sources */ = {isa = PBXBuildFile; fileRef = 340D9BA21512C92400A904F6 /* SBJsonStreamParser.h */; };
		340D9BD01512DA6600A904F6 /* SBJsonStreamParser.m in Sources */ = {isa = PBXBuildFile; fileRef = 340D9BA31512C92400A904F6 /* SBJsonStreamParser.m */; };
		340D9BD11512DA6600A904F6 /* SBJsonStreamParserAccumulator.h in Sources */ = {isa = PBXBuildFile; fileRef = 340D9BA41512C92400A904F6 /* SBJsonStreamParserAccumulator.h */; };
		340D9BD21512DA6600A904F6 /* SBJsonStreamParserAccumulator.m in Sources */ = {isa = PBXBuildFile; fileRef = 340D9BA51512C92400A904F6 /* SBJsonStreamParserAccumulator.m */; };
		340D9BD31512DA6600A904F6 /* SBJsonStreamParserAdapter.h in Sources */ = {isa = PBXBuildFile; fileRef = 340D9BA61512C92400A904F6 /* SBJsonStreamParserAdapter.h */; };
		340D9BD41512DA6600A904F6 /* SBJsonStreamParserAdapter.m in Sources */ = {isa = PBXBuildFile; fileRef = 340D9BA71512C92400A904F6 /* SBJsonStreamParserAdapter.m */; };
		340D9BD51512DA6600A904F6 /* SBJsonStreamParserState.h in Sources */ = {isa = PBXBuildFile; fileRef = 340D9BA81512C92400A904F6 /* SBJsonStreamParserState.h */; };
		340D9BD61512DA6600A904F6 /* SBJsonStreamParserState.m in Sources */ = {isa = PBXBuildFile; fileRef = 340D9BA91512C92400A904F6 /* SBJsonStreamParserState.m */; };
		340D9BD71512DA6600A904F6 /* SBJsonStreamWriter.h in Sources */ = {isa = PBXBuildFile; fileRef = 340D9BAA1512C92400A904F6 /* SBJsonStreamWriter.h */; };
		340D9BD81512DA6600A904F6 /* SBJsonStreamWriter.m in Sources */ = {isa = PBXBuildFile; fileRef = 340D9BAB1512C92400A904F6 /* SBJsonStreamWriter.m */; };
		340D9BD91512DA6600A904F6 /* SBJsonStreamWriterAccumulator.h in Sources */ = {isa = PBXBuildFile; fileRef = 340D9BAC1512C92400A904F6 /* SBJsonStreamWriterAccumulator.h */; };
		340D9BDA1512DA6600A904F6 /* SBJsonStreamWriterAccumulator.m in Sources */ = {isa = PBXBuildFile; fileRef = 340D9BAD1512C92400A904F6 /* SBJsonStreamWriterAccumulator.m */; };
		340D9BDB1512DA6600A904F6 /* SBJsonStreamWriterState.h in Sources */ = {isa = PBXBuildFile; fileRef = 340D9BAE1512C92400A904F6 /* SBJsonStreamWriterState.h */; };
		340D9BDC1512DA6600A904F6 /* SBJsonStreamWriterState.m in Sources */ = {isa = PBXBuildFile; fileRef = 340D9BAF1512C92400A904F6 /* SBJsonStreamWriterState.m */; };
		340D9BDD1512DA6600A904F6 /* SBJsonTokeniser.h in Sources */ = {isa = PBXBuildFile; fileRef = 340D9BB01512C92400A904F6 /* SBJsonTokeniser.h */; };
		340D9BDE1512DA6600A904F6 /* SBJsonTokeniser.m in Sources */ = {isa = PBXBuildFile; fileRef = 340D9BB11512C92400A904F6 /* SBJsonTokeniser.m */; };
		340D9BDF1512DA6600A904F6 /* SBJsonUTF8Stream.h in Sources */ = {isa = PBXBuildFile; fileRef = 340D9BB21512C92400A904F6 /* SBJsonUTF8Stream.h */; };
		340D9BE01512DA6600A904F6 /* SBJsonUTF8Stream.m in Sources */ = {isa = PBXBuildFile; fileRef = 340D9BB31512C92400A904F6 /* SBJsonUTF8Stream.m */; };
		340D9BE11512DA6600A904F6 /* SBJsonWriter.h in Sources */ = {isa = PBXBuildFile; fileRef = 340D9BB41512C92400A904F6 /* SBJsonWriter.h */; };
		340D9BE21512DA6600A904F6 /* SBJsonWriter.m in Sources */ = {isa = PBXBuildFile; fileRef = 340D9BB51512C92400A904F6 /* SBJsonWriter.m */; };
		340D9BE31512DC7700A904F6 /* CoreData.framework in Frameworks */ = {isa = PBXBuildFile; fileRef = C06C934914AB131100C9D372 /* CoreData.framework */; };
		340D9BE61512E10E00A904F6 /* DummyAgari.m in Sources */ = {isa = PBXBuildFile; fileRef = 340D9BE51512E10E00A904F6 /* DummyAgari.m */; };
		340D9BE71512E40A00A904F6 /* DummyAgari.m in Sources */ = {isa = PBXBuildFile; fileRef = 340D9BE51512E10E00A904F6 /* DummyAgari.m */; };
		C020BC04150DD619001E0725 /* TehaiCameraViewController.m in Sources */ = {isa = PBXBuildFile; fileRef = C020BC03150DD619001E0725 /* TehaiCameraViewController.m */; };
		C05E1F081512596D00751EAA /* Yaku.m in Sources */ = {isa = PBXBuildFile; fileRef = C05E1F071512596D00751EAA /* Yaku.m */; };
		C05E1F0E15126D6900751EAA /* Agari.m in Sources */ = {isa = PBXBuildFile; fileRef = C05E1F0D15126D6900751EAA /* Agari.m */; };
		C06C934414AB131100C9D372 /* UIKit.framework in Frameworks */ = {isa = PBXBuildFile; fileRef = C06C934314AB131100C9D372 /* UIKit.framework */; };
		C06C934614AB131100C9D372 /* Foundation.framework in Frameworks */ = {isa = PBXBuildFile; fileRef = C06C934514AB131100C9D372 /* Foundation.framework */; };
		C06C934814AB131100C9D372 /* CoreGraphics.framework in Frameworks */ = {isa = PBXBuildFile; fileRef = C06C934714AB131100C9D372 /* CoreGraphics.framework */; };
		C06C934A14AB131100C9D372 /* CoreData.framework in Frameworks */ = {isa = PBXBuildFile; fileRef = C06C934914AB131100C9D372 /* CoreData.framework */; };
		C06C935014AB131100C9D372 /* InfoPlist.strings in Resources */ = {isa = PBXBuildFile; fileRef = C06C934E14AB131100C9D372 /* InfoPlist.strings */; };
		C06C935214AB131100C9D372 /* main.m in Sources */ = {isa = PBXBuildFile; fileRef = C06C935114AB131100C9D372 /* main.m */; };
		C06C935614AB131100C9D372 /* MjTsumotterAppDelegate.m in Sources */ = {isa = PBXBuildFile; fileRef = C06C935514AB131100C9D372 /* MjTsumotterAppDelegate.m */; };
		C06C935914AB131100C9D372 /* MjTsumotter.xcdatamodeld in Sources */ = {isa = PBXBuildFile; fileRef = C06C935714AB131100C9D372 /* MjTsumotter.xcdatamodeld */; };
		C06C937014AB156D00C9D372 /* sample1.jpeg in Resources */ = {isa = PBXBuildFile; fileRef = C06C936A14AB156D00C9D372 /* sample1.jpeg */; };
		C06C937114AB156D00C9D372 /* sample2.jpeg in Resources */ = {isa = PBXBuildFile; fileRef = C06C936B14AB156D00C9D372 /* sample2.jpeg */; };
		C06C937214AB156D00C9D372 /* sample3.jpeg in Resources */ = {isa = PBXBuildFile; fileRef = C06C936C14AB156D00C9D372 /* sample3.jpeg */; };
		C06C937314AB156D00C9D372 /* sample4.jpeg in Resources */ = {isa = PBXBuildFile; fileRef = C06C936D14AB156D00C9D372 /* sample4.jpeg */; };
		C06C937414AB156D00C9D372 /* sample0.jpeg in Resources */ = {isa = PBXBuildFile; fileRef = C06C936E14AB156D00C9D372 /* sample0.jpeg */; };
		C06C937814AB15BC00C9D372 /* MjTsumotterViewContoller.m in Sources */ = {isa = PBXBuildFile; fileRef = C06C937714AB15BB00C9D372 /* MjTsumotterViewContoller.m */; };
		C06C937A14AB165F00C9D372 /* UITabBarCamera.png in Resources */ = {isa = PBXBuildFile; fileRef = C06C937914AB165F00C9D372 /* UITabBarCamera.png */; };
		C06C937C14AB167700C9D372 /* UITabBarHistory.png in Resources */ = {isa = PBXBuildFile; fileRef = C06C937B14AB167600C9D372 /* UITabBarHistory.png */; };
		C06C937E14AB16B000C9D372 /* UITabBarSetting.png in Resources */ = {isa = PBXBuildFile; fileRef = C06C937D14AB16B000C9D372 /* UITabBarSetting.png */; };
		C06C938014AB16E500C9D372 /* UITabBarChart.png in Resources */ = {isa = PBXBuildFile; fileRef = C06C937F14AB16E400C9D372 /* UITabBarChart.png */; };
		C06C938314AB174B00C9D372 /* TakePhotoViewContoller.m in Sources */ = {isa = PBXBuildFile; fileRef = C06C938214AB174900C9D372 /* TakePhotoViewContoller.m */; };
		C06C938F14AB187C00C9D372 /* AppSettingTableViewContoller.m in Sources */ = {isa = PBXBuildFile; fileRef = C06C938E14AB187A00C9D372 /* AppSettingTableViewContoller.m */; };
		C06C939214AB189C00C9D372 /* AgariHistoryTableViewContoller.m in Sources */ = {isa = PBXBuildFile; fileRef = C06C939114AB189B00C9D372 /* AgariHistoryTableViewContoller.m */; };
		C06C939514AB18BE00C9D372 /* ChartAnalyzeTableViewContoller.m in Sources */ = {isa = PBXBuildFile; fileRef = C06C939414AB18BD00C9D372 /* ChartAnalyzeTableViewContoller.m */; };
		C06C939B14AC1E0000C9D372 /* QuartzCore.framework in Frameworks */ = {isa = PBXBuildFile; fileRef = C06C939A14AC1DFF00C9D372 /* QuartzCore.framework */; };
		C06C939E14AC2C3500C9D372 /* AgariDetailTableViewController.m in Sources */ = {isa = PBXBuildFile; fileRef = C06C939D14AC2C3500C9D372 /* AgariDetailTableViewController.m */; };
		C0E9A418150F587C00A8AD81 /* SenTestingKit.framework in Frameworks */ = {isa = PBXBuildFile; fileRef = C0E9A40F150F520700A8AD81 /* SenTestingKit.framework */; };
		C0E9A419150F587C00A8AD81 /* UIKit.framework in Frameworks */ = {isa = PBXBuildFile; fileRef = C06C934314AB131100C9D372 /* UIKit.framework */; };
		C0E9A41A150F587C00A8AD81 /* Foundation.framework in Frameworks */ = {isa = PBXBuildFile; fileRef = C06C934514AB131100C9D372 /* Foundation.framework */; };
		C0E9A420150F587C00A8AD81 /* InfoPlist.strings in Resources */ = {isa = PBXBuildFile; fileRef = C0E9A41E150F587C00A8AD81 /* InfoPlist.strings */; };
		C0E9A423150F587C00A8AD81 /* MjTsumotterUnitTest.m in Sources */ = {isa = PBXBuildFile; fileRef = C0E9A422150F587C00A8AD81 /* MjTsumotterUnitTest.m */; };
/* End PBXBuildFile section */

/* Begin PBXFileReference section */
		340D9B971512C49500A904F6 /* MjAPIConnection.h */ = {isa = PBXFileReference; fileEncoding = 4; lastKnownFileType = sourcecode.c.h; path = MjAPIConnection.h; sourceTree = "<group>"; };
		340D9B981512C49500A904F6 /* MjAPIConnection.m */ = {isa = PBXFileReference; fileEncoding = 4; lastKnownFileType = sourcecode.c.objc; path = MjAPIConnection.m; sourceTree = "<group>"; };
		340D9B9C1512C92400A904F6 /* JSON.h */ = {isa = PBXFileReference; fileEncoding = 4; lastKnownFileType = sourcecode.c.h; path = JSON.h; sourceTree = "<group>"; };
		340D9B9D1512C92400A904F6 /* NSObject+SBJson.h */ = {isa = PBXFileReference; fileEncoding = 4; lastKnownFileType = sourcecode.c.h; path = "NSObject+SBJson.h"; sourceTree = "<group>"; };
		340D9B9E1512C92400A904F6 /* NSObject+SBJson.m */ = {isa = PBXFileReference; fileEncoding = 4; lastKnownFileType = sourcecode.c.objc; path = "NSObject+SBJson.m"; sourceTree = "<group>"; };
		340D9B9F1512C92400A904F6 /* SBJson.h */ = {isa = PBXFileReference; fileEncoding = 4; lastKnownFileType = sourcecode.c.h; path = SBJson.h; sourceTree = "<group>"; };
		340D9BA01512C92400A904F6 /* SBJsonParser.h */ = {isa = PBXFileReference; fileEncoding = 4; lastKnownFileType = sourcecode.c.h; path = SBJsonParser.h; sourceTree = "<group>"; };
		340D9BA11512C92400A904F6 /* SBJsonParser.m */ = {isa = PBXFileReference; fileEncoding = 4; lastKnownFileType = sourcecode.c.objc; path = SBJsonParser.m; sourceTree = "<group>"; };
		340D9BA21512C92400A904F6 /* SBJsonStreamParser.h */ = {isa = PBXFileReference; fileEncoding = 4; lastKnownFileType = sourcecode.c.h; path = SBJsonStreamParser.h; sourceTree = "<group>"; };
		340D9BA31512C92400A904F6 /* SBJsonStreamParser.m */ = {isa = PBXFileReference; fileEncoding = 4; lastKnownFileType = sourcecode.c.objc; path = SBJsonStreamParser.m; sourceTree = "<group>"; };
		340D9BA41512C92400A904F6 /* SBJsonStreamParserAccumulator.h */ = {isa = PBXFileReference; fileEncoding = 4; lastKnownFileType = sourcecode.c.h; path = SBJsonStreamParserAccumulator.h; sourceTree = "<group>"; };
		340D9BA51512C92400A904F6 /* SBJsonStreamParserAccumulator.m */ = {isa = PBXFileReference; fileEncoding = 4; lastKnownFileType = sourcecode.c.objc; path = SBJsonStreamParserAccumulator.m; sourceTree = "<group>"; };
		340D9BA61512C92400A904F6 /* SBJsonStreamParserAdapter.h */ = {isa = PBXFileReference; fileEncoding = 4; lastKnownFileType = sourcecode.c.h; path = SBJsonStreamParserAdapter.h; sourceTree = "<group>"; };
		340D9BA71512C92400A904F6 /* SBJsonStreamParserAdapter.m */ = {isa = PBXFileReference; fileEncoding = 4; lastKnownFileType = sourcecode.c.objc; path = SBJsonStreamParserAdapter.m; sourceTree = "<group>"; };
		340D9BA81512C92400A904F6 /* SBJsonStreamParserState.h */ = {isa = PBXFileReference; fileEncoding = 4; lastKnownFileType = sourcecode.c.h; path = SBJsonStreamParserState.h; sourceTree = "<group>"; };
		340D9BA91512C92400A904F6 /* SBJsonStreamParserState.m */ = {isa = PBXFileReference; fileEncoding = 4; lastKnownFileType = sourcecode.c.objc; path = SBJsonStreamParserState.m; sourceTree = "<group>"; };
		340D9BAA1512C92400A904F6 /* SBJsonStreamWriter.h */ = {isa = PBXFileReference; fileEncoding = 4; lastKnownFileType = sourcecode.c.h; path = SBJsonStreamWriter.h; sourceTree = "<group>"; };
		340D9BAB1512C92400A904F6 /* SBJsonStreamWriter.m */ = {isa = PBXFileReference; fileEncoding = 4; lastKnownFileType = sourcecode.c.objc; path = SBJsonStreamWriter.m; sourceTree = "<group>"; };
		340D9BAC1512C92400A904F6 /* SBJsonStreamWriterAccumulator.h */ = {isa = PBXFileReference; fileEncoding = 4; lastKnownFileType = sourcecode.c.h; path = SBJsonStreamWriterAccumulator.h; sourceTree = "<group>"; };
		340D9BAD1512C92400A904F6 /* SBJsonStreamWriterAccumulator.m */ = {isa = PBXFileReference; fileEncoding = 4; lastKnownFileType = sourcecode.c.objc; path = SBJsonStreamWriterAccumulator.m; sourceTree = "<group>"; };
		340D9BAE1512C92400A904F6 /* SBJsonStreamWriterState.h */ = {isa = PBXFileReference; fileEncoding = 4; lastKnownFileType = sourcecode.c.h; path = SBJsonStreamWriterState.h; sourceTree = "<group>"; };
		340D9BAF1512C92400A904F6 /* SBJsonStreamWriterState.m */ = {isa = PBXFileReference; fileEncoding = 4; lastKnownFileType = sourcecode.c.objc; path = SBJsonStreamWriterState.m; sourceTree = "<group>"; };
		340D9BB01512C92400A904F6 /* SBJsonTokeniser.h */ = {isa = PBXFileReference; fileEncoding = 4; lastKnownFileType = sourcecode.c.h; path = SBJsonTokeniser.h; sourceTree = "<group>"; };
		340D9BB11512C92400A904F6 /* SBJsonTokeniser.m */ = {isa = PBXFileReference; fileEncoding = 4; lastKnownFileType = sourcecode.c.objc; path = SBJsonTokeniser.m; sourceTree = "<group>"; };
		340D9BB21512C92400A904F6 /* SBJsonUTF8Stream.h */ = {isa = PBXFileReference; fileEncoding = 4; lastKnownFileType = sourcecode.c.h; path = SBJsonUTF8Stream.h; sourceTree = "<group>"; };
		340D9BB31512C92400A904F6 /* SBJsonUTF8Stream.m */ = {isa = PBXFileReference; fileEncoding = 4; lastKnownFileType = sourcecode.c.objc; path = SBJsonUTF8Stream.m; sourceTree = "<group>"; };
		340D9BB41512C92400A904F6 /* SBJsonWriter.h */ = {isa = PBXFileReference; fileEncoding = 4; lastKnownFileType = sourcecode.c.h; path = SBJsonWriter.h; sourceTree = "<group>"; };
		340D9BB51512C92400A904F6 /* SBJsonWriter.m */ = {isa = PBXFileReference; fileEncoding = 4; lastKnownFileType = sourcecode.c.objc; path = SBJsonWriter.m; sourceTree = "<group>"; };
		340D9BC21512CFDC00A904F6 /* AgariUnitTest.h */ = {isa = PBXFileReference; fileEncoding = 4; lastKnownFileType = sourcecode.c.h; path = AgariUnitTest.h; sourceTree = "<group>"; };
		340D9BC31512CFDC00A904F6 /* AgariUnitTest.m */ = {isa = PBXFileReference; fileEncoding = 4; lastKnownFileType = sourcecode.c.objc; path = AgariUnitTest.m; sourceTree = "<group>"; };
		340D9BE41512E10D00A904F6 /* DummyAgari.h */ = {isa = PBXFileReference; fileEncoding = 4; lastKnownFileType = sourcecode.c.h; path = DummyAgari.h; sourceTree = "<group>"; };
		340D9BE51512E10E00A904F6 /* DummyAgari.m */ = {isa = PBXFileReference; fileEncoding = 4; lastKnownFileType = sourcecode.c.objc; path = DummyAgari.m; sourceTree = "<group>"; };
		C020BC02150DD619001E0725 /* TehaiCameraViewController.h */ = {isa = PBXFileReference; fileEncoding = 4; lastKnownFileType = sourcecode.c.h; path = TehaiCameraViewController.h; sourceTree = "<group>"; };
		C020BC03150DD619001E0725 /* TehaiCameraViewController.m */ = {isa = PBXFileReference; fileEncoding = 4; lastKnownFileType = sourcecode.c.objc; path = TehaiCameraViewController.m; sourceTree = "<group>"; };
		C05E1F061512596D00751EAA /* Yaku.h */ = {isa = PBXFileReference; fileEncoding = 4; lastKnownFileType = sourcecode.c.h; path = Yaku.h; sourceTree = "<group>"; };
		C05E1F071512596D00751EAA /* Yaku.m */ = {isa = PBXFileReference; fileEncoding = 4; lastKnownFileType = sourcecode.c.objc; path = Yaku.m; sourceTree = "<group>"; };
		C05E1F0C15126D6900751EAA /* Agari.h */ = {isa = PBXFileReference; fileEncoding = 4; lastKnownFileType = sourcecode.c.h; path = Agari.h; sourceTree = "<group>"; };
		C05E1F0D15126D6900751EAA /* Agari.m */ = {isa = PBXFileReference; fileEncoding = 4; lastKnownFileType = sourcecode.c.objc; path = Agari.m; sourceTree = "<group>"; };
		C06C933F14AB131100C9D372 /* MjTsumotter.app */ = {isa = PBXFileReference; explicitFileType = wrapper.application; includeInIndex = 0; path = MjTsumotter.app; sourceTree = BUILT_PRODUCTS_DIR; };
		C06C934314AB131100C9D372 /* UIKit.framework */ = {isa = PBXFileReference; lastKnownFileType = wrapper.framework; name = UIKit.framework; path = System/Library/Frameworks/UIKit.framework; sourceTree = SDKROOT; };
		C06C934514AB131100C9D372 /* Foundation.framework */ = {isa = PBXFileReference; lastKnownFileType = wrapper.framework; name = Foundation.framework; path = System/Library/Frameworks/Foundation.framework; sourceTree = SDKROOT; };
		C06C934714AB131100C9D372 /* CoreGraphics.framework */ = {isa = PBXFileReference; lastKnownFileType = wrapper.framework; name = CoreGraphics.framework; path = System/Library/Frameworks/CoreGraphics.framework; sourceTree = SDKROOT; };
		C06C934914AB131100C9D372 /* CoreData.framework */ = {isa = PBXFileReference; lastKnownFileType = wrapper.framework; name = CoreData.framework; path = System/Library/Frameworks/CoreData.framework; sourceTree = SDKROOT; };
		C06C934D14AB131100C9D372 /* MjTsumotter-Info.plist */ = {isa = PBXFileReference; lastKnownFileType = text.plist.xml; path = "MjTsumotter-Info.plist"; sourceTree = "<group>"; };
		C06C934F14AB131100C9D372 /* en */ = {isa = PBXFileReference; lastKnownFileType = text.plist.strings; name = en; path = en.lproj/InfoPlist.strings; sourceTree = "<group>"; };
		C06C935114AB131100C9D372 /* main.m */ = {isa = PBXFileReference; lastKnownFileType = sourcecode.c.objc; path = main.m; sourceTree = "<group>"; };
		C06C935314AB131100C9D372 /* MjTsumotter-Prefix.pch */ = {isa = PBXFileReference; lastKnownFileType = sourcecode.c.h; path = "MjTsumotter-Prefix.pch"; sourceTree = "<group>"; };
		C06C935414AB131100C9D372 /* MjTsumotterAppDelegate.h */ = {isa = PBXFileReference; lastKnownFileType = sourcecode.c.h; path = MjTsumotterAppDelegate.h; sourceTree = "<group>"; };
		C06C935514AB131100C9D372 /* MjTsumotterAppDelegate.m */ = {isa = PBXFileReference; lastKnownFileType = sourcecode.c.objc; path = MjTsumotterAppDelegate.m; sourceTree = "<group>"; };
		C06C935814AB131100C9D372 /* MjTsumotter.xcdatamodel */ = {isa = PBXFileReference; lastKnownFileType = wrapper.xcdatamodel; path = MjTsumotter.xcdatamodel; sourceTree = "<group>"; };
		C06C936714AB14F400C9D372 /* CommonDefines.h */ = {isa = PBXFileReference; fileEncoding = 4; lastKnownFileType = sourcecode.c.h; path = CommonDefines.h; sourceTree = "<group>"; };
		C06C936A14AB156D00C9D372 /* sample1.jpeg */ = {isa = PBXFileReference; lastKnownFileType = image.jpeg; path = sample1.jpeg; sourceTree = "<group>"; };
		C06C936B14AB156D00C9D372 /* sample2.jpeg */ = {isa = PBXFileReference; lastKnownFileType = image.jpeg; path = sample2.jpeg; sourceTree = "<group>"; };
		C06C936C14AB156D00C9D372 /* sample3.jpeg */ = {isa = PBXFileReference; lastKnownFileType = image.jpeg; path = sample3.jpeg; sourceTree = "<group>"; };
		C06C936D14AB156D00C9D372 /* sample4.jpeg */ = {isa = PBXFileReference; lastKnownFileType = image.jpeg; path = sample4.jpeg; sourceTree = "<group>"; };
		C06C936E14AB156D00C9D372 /* sample0.jpeg */ = {isa = PBXFileReference; lastKnownFileType = image.jpeg; path = sample0.jpeg; sourceTree = "<group>"; };
		C06C937614AB15BB00C9D372 /* MjTsumotterViewContoller.h */ = {isa = PBXFileReference; fileEncoding = 4; lastKnownFileType = sourcecode.c.h; path = MjTsumotterViewContoller.h; sourceTree = "<group>"; };
		C06C937714AB15BB00C9D372 /* MjTsumotterViewContoller.m */ = {isa = PBXFileReference; fileEncoding = 4; lastKnownFileType = sourcecode.c.objc; path = MjTsumotterViewContoller.m; sourceTree = "<group>"; };
		C06C937914AB165F00C9D372 /* UITabBarCamera.png */ = {isa = PBXFileReference; lastKnownFileType = image.png; path = UITabBarCamera.png; sourceTree = "<group>"; };
		C06C937B14AB167600C9D372 /* UITabBarHistory.png */ = {isa = PBXFileReference; lastKnownFileType = image.png; path = UITabBarHistory.png; sourceTree = "<group>"; };
		C06C937D14AB16B000C9D372 /* UITabBarSetting.png */ = {isa = PBXFileReference; lastKnownFileType = image.png; path = UITabBarSetting.png; sourceTree = "<group>"; };
		C06C937F14AB16E400C9D372 /* UITabBarChart.png */ = {isa = PBXFileReference; lastKnownFileType = image.png; path = UITabBarChart.png; sourceTree = "<group>"; };
		C06C938114AB174900C9D372 /* TakePhotoViewContoller.h */ = {isa = PBXFileReference; fileEncoding = 4; lastKnownFileType = sourcecode.c.h; path = TakePhotoViewContoller.h; sourceTree = "<group>"; };
		C06C938214AB174900C9D372 /* TakePhotoViewContoller.m */ = {isa = PBXFileReference; fileEncoding = 4; lastKnownFileType = sourcecode.c.objc; path = TakePhotoViewContoller.m; sourceTree = "<group>"; };
		C06C938D14AB187900C9D372 /* AppSettingTableViewContoller.h */ = {isa = PBXFileReference; fileEncoding = 4; lastKnownFileType = sourcecode.c.h; path = AppSettingTableViewContoller.h; sourceTree = "<group>"; };
		C06C938E14AB187A00C9D372 /* AppSettingTableViewContoller.m */ = {isa = PBXFileReference; fileEncoding = 4; lastKnownFileType = sourcecode.c.objc; path = AppSettingTableViewContoller.m; sourceTree = "<group>"; };
		C06C939014AB189A00C9D372 /* AgariHistoryTableViewContoller.h */ = {isa = PBXFileReference; fileEncoding = 4; lastKnownFileType = sourcecode.c.h; path = AgariHistoryTableViewContoller.h; sourceTree = "<group>"; };
		C06C939114AB189B00C9D372 /* AgariHistoryTableViewContoller.m */ = {isa = PBXFileReference; fileEncoding = 4; lastKnownFileType = sourcecode.c.objc; path = AgariHistoryTableViewContoller.m; sourceTree = "<group>"; };
		C06C939314AB18BB00C9D372 /* ChartAnalyzeTableViewContoller.h */ = {isa = PBXFileReference; fileEncoding = 4; lastKnownFileType = sourcecode.c.h; path = ChartAnalyzeTableViewContoller.h; sourceTree = "<group>"; };
		C06C939414AB18BD00C9D372 /* ChartAnalyzeTableViewContoller.m */ = {isa = PBXFileReference; fileEncoding = 4; lastKnownFileType = sourcecode.c.objc; path = ChartAnalyzeTableViewContoller.m; sourceTree = "<group>"; };
		C06C939A14AC1DFF00C9D372 /* QuartzCore.framework */ = {isa = PBXFileReference; lastKnownFileType = wrapper.framework; name = QuartzCore.framework; path = System/Library/Frameworks/QuartzCore.framework; sourceTree = SDKROOT; };
		C06C939C14AC2C3500C9D372 /* AgariDetailTableViewController.h */ = {isa = PBXFileReference; fileEncoding = 4; lastKnownFileType = sourcecode.c.h; path = AgariDetailTableViewController.h; sourceTree = "<group>"; };
		C06C939D14AC2C3500C9D372 /* AgariDetailTableViewController.m */ = {isa = PBXFileReference; fileEncoding = 4; lastKnownFileType = sourcecode.c.objc; path = AgariDetailTableViewController.m; sourceTree = "<group>"; };
		C0E9A40F150F520700A8AD81 /* SenTestingKit.framework */ = {isa = PBXFileReference; lastKnownFileType = wrapper.framework; name = SenTestingKit.framework; path = Library/Frameworks/SenTestingKit.framework; sourceTree = DEVELOPER_DIR; };
		C0E9A417150F587C00A8AD81 /* MjTsumotterUnitTest.octest */ = {isa = PBXFileReference; explicitFileType = wrapper.cfbundle; includeInIndex = 0; path = MjTsumotterUnitTest.octest; sourceTree = BUILT_PRODUCTS_DIR; };
		C0E9A41D150F587C00A8AD81 /* MjTsumotterUnitTest-Info.plist */ = {isa = PBXFileReference; lastKnownFileType = text.plist.xml; path = "MjTsumotterUnitTest-Info.plist"; sourceTree = "<group>"; };
		C0E9A41F150F587C00A8AD81 /* en */ = {isa = PBXFileReference; lastKnownFileType = text.plist.strings; name = en; path = en.lproj/InfoPlist.strings; sourceTree = "<group>"; };
		C0E9A421150F587C00A8AD81 /* MjTsumotterUnitTest.h */ = {isa = PBXFileReference; lastKnownFileType = sourcecode.c.h; path = MjTsumotterUnitTest.h; sourceTree = "<group>"; };
		C0E9A422150F587C00A8AD81 /* MjTsumotterUnitTest.m */ = {isa = PBXFileReference; lastKnownFileType = sourcecode.c.objc; path = MjTsumotterUnitTest.m; sourceTree = "<group>"; };
		C0E9A424150F587C00A8AD81 /* MjTsumotterUnitTest-Prefix.pch */ = {isa = PBXFileReference; lastKnownFileType = sourcecode.c.h; path = "MjTsumotterUnitTest-Prefix.pch"; sourceTree = "<group>"; };
/* End PBXFileReference section */

/* Begin PBXFrameworksBuildPhase section */
		C06C933C14AB131100C9D372 /* Frameworks */ = {
			isa = PBXFrameworksBuildPhase;
			buildActionMask = 2147483647;
			files = (
				C06C939B14AC1E0000C9D372 /* QuartzCore.framework in Frameworks */,
				C06C934414AB131100C9D372 /* UIKit.framework in Frameworks */,
				C06C934614AB131100C9D372 /* Foundation.framework in Frameworks */,
				C06C934814AB131100C9D372 /* CoreGraphics.framework in Frameworks */,
				C06C934A14AB131100C9D372 /* CoreData.framework in Frameworks */,
			);
			runOnlyForDeploymentPostprocessing = 0;
		};
		C0E9A413150F587C00A8AD81 /* Frameworks */ = {
			isa = PBXFrameworksBuildPhase;
			buildActionMask = 2147483647;
			files = (
				340D9BE31512DC7700A904F6 /* CoreData.framework in Frameworks */,
				C0E9A418150F587C00A8AD81 /* SenTestingKit.framework in Frameworks */,
				C0E9A419150F587C00A8AD81 /* UIKit.framework in Frameworks */,
				C0E9A41A150F587C00A8AD81 /* Foundation.framework in Frameworks */,
			);
			runOnlyForDeploymentPostprocessing = 0;
		};
/* End PBXFrameworksBuildPhase section */

/* Begin PBXGroup section */
		340D9B951512C45700A904F6 /* MjAPI */ = {
			isa = PBXGroup;
			children = (
				340D9B971512C49500A904F6 /* MjAPIConnection.h */,
				340D9B981512C49500A904F6 /* MjAPIConnection.m */,
			);
			name = MjAPI;
			sourceTree = "<group>";
		};
		340D9B9A1512C90800A904F6 /* Externals */ = {
			isa = PBXGroup;
			children = (
				340D9B9B1512C92400A904F6 /* SBJson */,
			);
			name = Externals;
			sourceTree = "<group>";
		};
		340D9B9B1512C92400A904F6 /* SBJson */ = {
			isa = PBXGroup;
			children = (
				340D9B9C1512C92400A904F6 /* JSON.h */,
				340D9B9D1512C92400A904F6 /* NSObject+SBJson.h */,
				340D9B9E1512C92400A904F6 /* NSObject+SBJson.m */,
				340D9B9F1512C92400A904F6 /* SBJson.h */,
				340D9BA01512C92400A904F6 /* SBJsonParser.h */,
				340D9BA11512C92400A904F6 /* SBJsonParser.m */,
				340D9BA21512C92400A904F6 /* SBJsonStreamParser.h */,
				340D9BA31512C92400A904F6 /* SBJsonStreamParser.m */,
				340D9BA41512C92400A904F6 /* SBJsonStreamParserAccumulator.h */,
				340D9BA51512C92400A904F6 /* SBJsonStreamParserAccumulator.m */,
				340D9BA61512C92400A904F6 /* SBJsonStreamParserAdapter.h */,
				340D9BA71512C92400A904F6 /* SBJsonStreamParserAdapter.m */,
				340D9BA81512C92400A904F6 /* SBJsonStreamParserState.h */,
				340D9BA91512C92400A904F6 /* SBJsonStreamParserState.m */,
				340D9BAA1512C92400A904F6 /* SBJsonStreamWriter.h */,
				340D9BAB1512C92400A904F6 /* SBJsonStreamWriter.m */,
				340D9BAC1512C92400A904F6 /* SBJsonStreamWriterAccumulator.h */,
				340D9BAD1512C92400A904F6 /* SBJsonStreamWriterAccumulator.m */,
				340D9BAE1512C92400A904F6 /* SBJsonStreamWriterState.h */,
				340D9BAF1512C92400A904F6 /* SBJsonStreamWriterState.m */,
				340D9BB01512C92400A904F6 /* SBJsonTokeniser.h */,
				340D9BB11512C92400A904F6 /* SBJsonTokeniser.m */,
				340D9BB21512C92400A904F6 /* SBJsonUTF8Stream.h */,
				340D9BB31512C92400A904F6 /* SBJsonUTF8Stream.m */,
				340D9BB41512C92400A904F6 /* SBJsonWriter.h */,
				340D9BB51512C92400A904F6 /* SBJsonWriter.m */,
			);
			name = SBJson;
			path = Classes;
			sourceTree = "<group>";
		};
		C05E1F021512590500751EAA /* Model */ = {
			isa = PBXGroup;
			children = (
				C05E1F0C15126D6900751EAA /* Agari.h */,
				C05E1F0D15126D6900751EAA /* Agari.m */,
				C05E1F061512596D00751EAA /* Yaku.h */,
				C05E1F071512596D00751EAA /* Yaku.m */,
				340D9BE41512E10D00A904F6 /* DummyAgari.h */,
				340D9BE51512E10E00A904F6 /* DummyAgari.m */,
			);
			name = Model;
			sourceTree = "<group>";
		};
		C06C933414AB131100C9D372 = {
			isa = PBXGroup;
			children = (
				C06C934B14AB131100C9D372 /* MjTsumotter */,
				C0E9A41B150F587C00A8AD81 /* MjTsumotterUnitTest */,
				C06C934214AB131100C9D372 /* Frameworks */,
				C06C934014AB131100C9D372 /* Products */,
			);
			sourceTree = "<group>";
		};
		C06C934014AB131100C9D372 /* Products */ = {
			isa = PBXGroup;
			children = (
				C06C933F14AB131100C9D372 /* MjTsumotter.app */,
				C0E9A417150F587C00A8AD81 /* MjTsumotterUnitTest.octest */,
			);
			name = Products;
			sourceTree = "<group>";
		};
		C06C934214AB131100C9D372 /* Frameworks */ = {
			isa = PBXGroup;
			children = (
				C0E9A40F150F520700A8AD81 /* SenTestingKit.framework */,
				C06C939A14AC1DFF00C9D372 /* QuartzCore.framework */,
				C06C934314AB131100C9D372 /* UIKit.framework */,
				C06C934514AB131100C9D372 /* Foundation.framework */,
				C06C934714AB131100C9D372 /* CoreGraphics.framework */,
				C06C934914AB131100C9D372 /* CoreData.framework */,
			);
			name = Frameworks;
			sourceTree = "<group>";
		};
		C06C934B14AB131100C9D372 /* MjTsumotter */ = {
			isa = PBXGroup;
			children = (
				340D9B9A1512C90800A904F6 /* Externals */,
				340D9B951512C45700A904F6 /* MjAPI */,
				C05E1F021512590500751EAA /* Model */,
				C06C939614AB18D000C9D372 /* Take Photo */,
				C06C939714AB18FE00C9D372 /* Agari History */,
				C06C939814AB19ED00C9D372 /* Chart Analyze */,
				C06C939914AB1A8C00C9D372 /* App Setting */,
				C06C937614AB15BB00C9D372 /* MjTsumotterViewContoller.h */,
				C06C937714AB15BB00C9D372 /* MjTsumotterViewContoller.m */,
				C06C935414AB131100C9D372 /* MjTsumotterAppDelegate.h */,
				C06C935514AB131100C9D372 /* MjTsumotterAppDelegate.m */,
				C06C934C14AB131100C9D372 /* Supporting Files */,
			);
			path = MjTsumotter;
			sourceTree = "<group>";
		};
		C06C934C14AB131100C9D372 /* Supporting Files */ = {
			isa = PBXGroup;
			children = (
				C06C935714AB131100C9D372 /* MjTsumotter.xcdatamodeld */,
				C06C936914AB153F00C9D372 /* Image File */,
				C06C934D14AB131100C9D372 /* MjTsumotter-Info.plist */,
				C06C934E14AB131100C9D372 /* InfoPlist.strings */,
				C06C935114AB131100C9D372 /* main.m */,
				C06C935314AB131100C9D372 /* MjTsumotter-Prefix.pch */,
				C06C936714AB14F400C9D372 /* CommonDefines.h */,
			);
			name = "Supporting Files";
			sourceTree = "<group>";
		};
		C06C936914AB153F00C9D372 /* Image File */ = {
			isa = PBXGroup;
			children = (
				C06C937914AB165F00C9D372 /* UITabBarCamera.png */,
				C06C937B14AB167600C9D372 /* UITabBarHistory.png */,
				C06C937F14AB16E400C9D372 /* UITabBarChart.png */,
				C06C937D14AB16B000C9D372 /* UITabBarSetting.png */,
				C06C936E14AB156D00C9D372 /* sample0.jpeg */,
				C06C936A14AB156D00C9D372 /* sample1.jpeg */,
				C06C936B14AB156D00C9D372 /* sample2.jpeg */,
				C06C936C14AB156D00C9D372 /* sample3.jpeg */,
				C06C936D14AB156D00C9D372 /* sample4.jpeg */,
			);
			name = "Image File";
			sourceTree = "<group>";
		};
		C06C939614AB18D000C9D372 /* Take Photo */ = {
			isa = PBXGroup;
			children = (
				C06C938114AB174900C9D372 /* TakePhotoViewContoller.h */,
				C06C938214AB174900C9D372 /* TakePhotoViewContoller.m */,
				C020BC02150DD619001E0725 /* TehaiCameraViewController.h */,
				C020BC03150DD619001E0725 /* TehaiCameraViewController.m */,
			);
			name = "Take Photo";
			sourceTree = "<group>";
		};
		C06C939714AB18FE00C9D372 /* Agari History */ = {
			isa = PBXGroup;
			children = (
				C06C939014AB189A00C9D372 /* AgariHistoryTableViewContoller.h */,
				C06C939114AB189B00C9D372 /* AgariHistoryTableViewContoller.m */,
				C06C939C14AC2C3500C9D372 /* AgariDetailTableViewController.h */,
				C06C939D14AC2C3500C9D372 /* AgariDetailTableViewController.m */,
			);
			name = "Agari History";
			sourceTree = "<group>";
		};
		C06C939814AB19ED00C9D372 /* Chart Analyze */ = {
			isa = PBXGroup;
			children = (
				C06C939314AB18BB00C9D372 /* ChartAnalyzeTableViewContoller.h */,
				C06C939414AB18BD00C9D372 /* ChartAnalyzeTableViewContoller.m */,
			);
			name = "Chart Analyze";
			sourceTree = "<group>";
		};
		C06C939914AB1A8C00C9D372 /* App Setting */ = {
			isa = PBXGroup;
			children = (
				C06C938D14AB187900C9D372 /* AppSettingTableViewContoller.h */,
				C06C938E14AB187A00C9D372 /* AppSettingTableViewContoller.m */,
			);
			name = "App Setting";
			sourceTree = "<group>";
		};
		C0E9A41B150F587C00A8AD81 /* MjTsumotterUnitTest */ = {
			isa = PBXGroup;
			children = (
				C0E9A421150F587C00A8AD81 /* MjTsumotterUnitTest.h */,
				C0E9A422150F587C00A8AD81 /* MjTsumotterUnitTest.m */,
				C0E9A41C150F587C00A8AD81 /* Supporting Files */,
				340D9BC21512CFDC00A904F6 /* AgariUnitTest.h */,
				340D9BC31512CFDC00A904F6 /* AgariUnitTest.m */,
			);
			path = MjTsumotterUnitTest;
			sourceTree = "<group>";
		};
		C0E9A41C150F587C00A8AD81 /* Supporting Files */ = {
			isa = PBXGroup;
			children = (
				C0E9A41D150F587C00A8AD81 /* MjTsumotterUnitTest-Info.plist */,
				C0E9A41E150F587C00A8AD81 /* InfoPlist.strings */,
				C0E9A424150F587C00A8AD81 /* MjTsumotterUnitTest-Prefix.pch */,
			);
			name = "Supporting Files";
			sourceTree = "<group>";
		};
/* End PBXGroup section */

/* Begin PBXNativeTarget section */
		C06C933E14AB131100C9D372 /* MjTsumotter */ = {
			isa = PBXNativeTarget;
			buildConfigurationList = C06C935C14AB131100C9D372 /* Build configuration list for PBXNativeTarget "MjTsumotter" */;
			buildPhases = (
				C06C933B14AB131100C9D372 /* Sources */,
				C06C933C14AB131100C9D372 /* Frameworks */,
				C06C933D14AB131100C9D372 /* Resources */,
			);
			buildRules = (
			);
			dependencies = (
			);
			name = MjTsumotter;
			productName = MjTsumotter;
			productReference = C06C933F14AB131100C9D372 /* MjTsumotter.app */;
			productType = "com.apple.product-type.application";
		};
		C0E9A416150F587C00A8AD81 /* MjTsumotterUnitTest */ = {
			isa = PBXNativeTarget;
			buildConfigurationList = C0E9A425150F587C00A8AD81 /* Build configuration list for PBXNativeTarget "MjTsumotterUnitTest" */;
			buildPhases = (
				C0E9A412150F587C00A8AD81 /* Sources */,
				C0E9A413150F587C00A8AD81 /* Frameworks */,
				C0E9A414150F587C00A8AD81 /* Resources */,
				C0E9A415150F587C00A8AD81 /* ShellScript */,
			);
			buildRules = (
			);
			dependencies = (
			);
			name = MjTsumotterUnitTest;
			productName = MjTsumotterUnitTest;
			productReference = C0E9A417150F587C00A8AD81 /* MjTsumotterUnitTest.octest */;
			productType = "com.apple.product-type.bundle";
		};
/* End PBXNativeTarget section */

/* Begin PBXProject section */
		C06C933614AB131100C9D372 /* Project object */ = {
			isa = PBXProject;
			attributes = {
				LastUpgradeCheck = 0420;
			};
			buildConfigurationList = C06C933914AB131100C9D372 /* Build configuration list for PBXProject "MjTsumotter" */;
			compatibilityVersion = "Xcode 3.2";
			developmentRegion = English;
			hasScannedForEncodings = 0;
			knownRegions = (
				en,
				ja,
			);
			mainGroup = C06C933414AB131100C9D372;
			productRefGroup = C06C934014AB131100C9D372 /* Products */;
			projectDirPath = "";
			projectRoot = "";
			targets = (
				C06C933E14AB131100C9D372 /* MjTsumotter */,
				C0E9A416150F587C00A8AD81 /* MjTsumotterUnitTest */,
			);
		};
/* End PBXProject section */

/* Begin PBXResourcesBuildPhase section */
		C06C933D14AB131100C9D372 /* Resources */ = {
			isa = PBXResourcesBuildPhase;
			buildActionMask = 2147483647;
			files = (
				C06C935014AB131100C9D372 /* InfoPlist.strings in Resources */,
				C06C937014AB156D00C9D372 /* sample1.jpeg in Resources */,
				C06C937114AB156D00C9D372 /* sample2.jpeg in Resources */,
				C06C937214AB156D00C9D372 /* sample3.jpeg in Resources */,
				C06C937314AB156D00C9D372 /* sample4.jpeg in Resources */,
				C06C937414AB156D00C9D372 /* sample0.jpeg in Resources */,
				C06C937A14AB165F00C9D372 /* UITabBarCamera.png in Resources */,
				C06C937C14AB167700C9D372 /* UITabBarHistory.png in Resources */,
				C06C937E14AB16B000C9D372 /* UITabBarSetting.png in Resources */,
				C06C938014AB16E500C9D372 /* UITabBarChart.png in Resources */,
			);
			runOnlyForDeploymentPostprocessing = 0;
		};
		C0E9A414150F587C00A8AD81 /* Resources */ = {
			isa = PBXResourcesBuildPhase;
			buildActionMask = 2147483647;
			files = (
				C0E9A420150F587C00A8AD81 /* InfoPlist.strings in Resources */,
			);
			runOnlyForDeploymentPostprocessing = 0;
		};
/* End PBXResourcesBuildPhase section */

/* Begin PBXShellScriptBuildPhase section */
		C0E9A415150F587C00A8AD81 /* ShellScript */ = {
			isa = PBXShellScriptBuildPhase;
			buildActionMask = 2147483647;
			files = (
			);
			inputPaths = (
			);
			outputPaths = (
			);
			runOnlyForDeploymentPostprocessing = 0;
			shellPath = /bin/sh;
			shellScript = "# Run the unit tests in this test bundle.\n\"${SYSTEM_DEVELOPER_DIR}/Tools/RunUnitTests\"\n";
		};
/* End PBXShellScriptBuildPhase section */

/* Begin PBXSourcesBuildPhase section */
		C06C933B14AB131100C9D372 /* Sources */ = {
			isa = PBXSourcesBuildPhase;
			buildActionMask = 2147483647;
			files = (
				C06C935214AB131100C9D372 /* main.m in Sources */,
				C06C935614AB131100C9D372 /* MjTsumotterAppDelegate.m in Sources */,
				C06C935914AB131100C9D372 /* MjTsumotter.xcdatamodeld in Sources */,
				C06C937814AB15BC00C9D372 /* MjTsumotterViewContoller.m in Sources */,
				C06C938314AB174B00C9D372 /* TakePhotoViewContoller.m in Sources */,
				C06C938F14AB187C00C9D372 /* AppSettingTableViewContoller.m in Sources */,
				C06C939214AB189C00C9D372 /* AgariHistoryTableViewContoller.m in Sources */,
				C06C939514AB18BE00C9D372 /* ChartAnalyzeTableViewContoller.m in Sources */,
				C06C939E14AC2C3500C9D372 /* AgariDetailTableViewController.m in Sources */,
				C020BC04150DD619001E0725 /* TehaiCameraViewController.m in Sources */,
				C05E1F081512596D00751EAA /* Yaku.m in Sources */,
				C05E1F0E15126D6900751EAA /* Agari.m in Sources */,
				340D9B991512C49500A904F6 /* MjAPIConnection.m in Sources */,
				340D9BB61512C92400A904F6 /* NSObject+SBJson.m in Sources */,
				340D9BB71512C92400A904F6 /* SBJsonParser.m in Sources */,
				340D9BB81512C92400A904F6 /* SBJsonStreamParser.m in Sources */,
				340D9BB91512C92400A904F6 /* SBJsonStreamParserAccumulator.m in Sources */,
				340D9BBA1512C92400A904F6 /* SBJsonStreamParserAdapter.m in Sources */,
				340D9BBB1512C92400A904F6 /* SBJsonStreamParserState.m in Sources */,
				340D9BBC1512C92400A904F6 /* SBJsonStreamWriter.m in Sources */,
				340D9BBD1512C92400A904F6 /* SBJsonStreamWriterAccumulator.m in Sources */,
				340D9BBE1512C92400A904F6 /* SBJsonStreamWriterState.m in Sources */,
				340D9BBF1512C92400A904F6 /* SBJsonTokeniser.m in Sources */,
				340D9BC01512C92400A904F6 /* SBJsonUTF8Stream.m in Sources */,
				340D9BC11512C92400A904F6 /* SBJsonWriter.m in Sources */,
				340D9BE61512E10E00A904F6 /* DummyAgari.m in Sources */,
			);
			runOnlyForDeploymentPostprocessing = 0;
		};
		C0E9A412150F587C00A8AD81 /* Sources */ = {
			isa = PBXSourcesBuildPhase;
			buildActionMask = 2147483647;
			files = (
				340D9BE71512E40A00A904F6 /* DummyAgari.m in Sources */,
				340D9BC91512DA6600A904F6 /* JSON.h in Sources */,
				340D9BCA1512DA6600A904F6 /* NSObject+SBJson.h in Sources */,
				340D9BCB1512DA6600A904F6 /* NSObject+SBJson.m in Sources */,
				340D9BCC1512DA6600A904F6 /* SBJson.h in Sources */,
				340D9BCD1512DA6600A904F6 /* SBJsonParser.h in Sources */,
				340D9BCE1512DA6600A904F6 /* SBJsonParser.m in Sources */,
				340D9BCF1512DA6600A904F6 /* SBJsonStreamParser.h in Sources */,
				340D9BD01512DA6600A904F6 /* SBJsonStreamParser.m in Sources */,
				340D9BD11512DA6600A904F6 /* SBJsonStreamParserAccumulator.h in Sources */,
				340D9BD21512DA6600A904F6 /* SBJsonStreamParserAccumulator.m in Sources */,
				340D9BD31512DA6600A904F6 /* SBJsonStreamParserAdapter.h in Sources */,
				340D9BD41512DA6600A904F6 /* SBJsonStreamParserAdapter.m in Sources */,
				340D9BD51512DA6600A904F6 /* SBJsonStreamParserState.h in Sources */,
				340D9BD61512DA6600A904F6 /* SBJsonStreamParserState.m in Sources */,
				340D9BD71512DA6600A904F6 /* SBJsonStreamWriter.h in Sources */,
				340D9BD81512DA6600A904F6 /* SBJsonStreamWriter.m in Sources */,
				340D9BD91512DA6600A904F6 /* SBJsonStreamWriterAccumulator.h in Sources */,
				340D9BDA1512DA6600A904F6 /* SBJsonStreamWriterAccumulator.m in Sources */,
				340D9BDB1512DA6600A904F6 /* SBJsonStreamWriterState.h in Sources */,
				340D9BDC1512DA6600A904F6 /* SBJsonStreamWriterState.m in Sources */,
				340D9BDD1512DA6600A904F6 /* SBJsonTokeniser.h in Sources */,
				340D9BDE1512DA6600A904F6 /* SBJsonTokeniser.m in Sources */,
				340D9BDF1512DA6600A904F6 /* SBJsonUTF8Stream.h in Sources */,
				340D9BE01512DA6600A904F6 /* SBJsonUTF8Stream.m in Sources */,
				340D9BE11512DA6600A904F6 /* SBJsonWriter.h in Sources */,
				340D9BE21512DA6600A904F6 /* SBJsonWriter.m in Sources */,
				340D9BC81512D4EE00A904F6 /* Yaku.m in Sources */,
				340D9BC71512D4A100A904F6 /* Agari.m in Sources */,
				C0E9A423150F587C00A8AD81 /* MjTsumotterUnitTest.m in Sources */,
				340D9BC41512CFDC00A904F6 /* AgariUnitTest.m in Sources */,
			);
			runOnlyForDeploymentPostprocessing = 0;
		};
/* End PBXSourcesBuildPhase section */

/* Begin PBXVariantGroup section */
		C06C934E14AB131100C9D372 /* InfoPlist.strings */ = {
			isa = PBXVariantGroup;
			children = (
				C06C934F14AB131100C9D372 /* en */,
			);
			name = InfoPlist.strings;
			sourceTree = "<group>";
		};
		C0E9A41E150F587C00A8AD81 /* InfoPlist.strings */ = {
			isa = PBXVariantGroup;
			children = (
				C0E9A41F150F587C00A8AD81 /* en */,
			);
			name = InfoPlist.strings;
			sourceTree = "<group>";
		};
/* End PBXVariantGroup section */

/* Begin XCBuildConfiguration section */
		C06C935A14AB131100C9D372 /* Debug */ = {
			isa = XCBuildConfiguration;
			buildSettings = {
				ALWAYS_SEARCH_USER_PATHS = NO;
				ARCHS = "$(ARCHS_STANDARD_32_BIT)";
				"CODE_SIGN_IDENTITY[sdk=iphoneos*]" = "iPhone Developer";
				COPY_PHASE_STRIP = NO;
				GCC_C_LANGUAGE_STANDARD = gnu99;
				GCC_DYNAMIC_NO_PIC = NO;
				GCC_OPTIMIZATION_LEVEL = 0;
				GCC_PREPROCESSOR_DEFINITIONS = (
					"DEBUG=1",
					"$(inherited)",
				);
				GCC_SYMBOLS_PRIVATE_EXTERN = NO;
				GCC_VERSION = com.apple.compilers.llvm.clang.1_0;
				GCC_WARN_ABOUT_MISSING_PROTOTYPES = YES;
				GCC_WARN_ABOUT_RETURN_TYPE = YES;
				GCC_WARN_UNUSED_VARIABLE = YES;
				IPHONEOS_DEPLOYMENT_TARGET = 4.2;
				SDKROOT = iphoneos;
			};
			name = Debug;
		};
		C06C935B14AB131100C9D372 /* Release */ = {
			isa = XCBuildConfiguration;
			buildSettings = {
				ALWAYS_SEARCH_USER_PATHS = NO;
				ARCHS = "$(ARCHS_STANDARD_32_BIT)";
				"CODE_SIGN_IDENTITY[sdk=iphoneos*]" = "iPhone Developer";
				COPY_PHASE_STRIP = YES;
				GCC_C_LANGUAGE_STANDARD = gnu99;
				GCC_VERSION = com.apple.compilers.llvm.clang.1_0;
				GCC_WARN_ABOUT_MISSING_PROTOTYPES = YES;
				GCC_WARN_ABOUT_RETURN_TYPE = YES;
				GCC_WARN_UNUSED_VARIABLE = YES;
				IPHONEOS_DEPLOYMENT_TARGET = 4.2;
				OTHER_CFLAGS = "-DNS_BLOCK_ASSERTIONS=1";
				SDKROOT = iphoneos;
				VALIDATE_PRODUCT = YES;
			};
			name = Release;
		};
		C06C935D14AB131100C9D372 /* Debug */ = {
			isa = XCBuildConfiguration;
			buildSettings = {
				GCC_PRECOMPILE_PREFIX_HEADER = YES;
				GCC_PREFIX_HEADER = "MjTsumotter/MjTsumotter-Prefix.pch";
				INFOPLIST_FILE = "MjTsumotter/MjTsumotter-Info.plist";
				PRODUCT_NAME = "$(TARGET_NAME)";
				WRAPPER_EXTENSION = app;
			};
			name = Debug;
		};
		C06C935E14AB131100C9D372 /* Release */ = {
			isa = XCBuildConfiguration;
			buildSettings = {
				GCC_PRECOMPILE_PREFIX_HEADER = YES;
				GCC_PREFIX_HEADER = "MjTsumotter/MjTsumotter-Prefix.pch";
				INFOPLIST_FILE = "MjTsumotter/MjTsumotter-Info.plist";
				PRODUCT_NAME = "$(TARGET_NAME)";
				WRAPPER_EXTENSION = app;
			};
			name = Release;
		};
		C0E9A426150F587C00A8AD81 /* Debug */ = {
			isa = XCBuildConfiguration;
			buildSettings = {
				CLANG_ENABLE_OBJC_ARC = NO;
				FRAMEWORK_SEARCH_PATHS = (
					"$(SDKROOT)/Developer/Library/Frameworks",
					"$(DEVELOPER_LIBRARY_DIR)/Frameworks",
				);
				GCC_PRECOMPILE_PREFIX_HEADER = YES;
				GCC_PREFIX_HEADER = "MjTsumotterUnitTest/MjTsumotterUnitTest-Prefix.pch";
				GCC_WARN_UNINITIALIZED_AUTOS = YES;
				INFOPLIST_FILE = "MjTsumotterUnitTest/MjTsumotterUnitTest-Info.plist";
				IPHONEOS_DEPLOYMENT_TARGET = 5.1;
				PRODUCT_NAME = "$(TARGET_NAME)";
				WRAPPER_EXTENSION = octest;
			};
			name = Debug;
		};
		C0E9A427150F587C00A8AD81 /* Release */ = {
			isa = XCBuildConfiguration;
			buildSettings = {
				CLANG_ENABLE_OBJC_ARC = NO;
				FRAMEWORK_SEARCH_PATHS = (
					"$(SDKROOT)/Developer/Library/Frameworks",
					"$(DEVELOPER_LIBRARY_DIR)/Frameworks",
				);
				GCC_PRECOMPILE_PREFIX_HEADER = YES;
				GCC_PREFIX_HEADER = "MjTsumotterUnitTest/MjTsumotterUnitTest-Prefix.pch";
				GCC_WARN_UNINITIALIZED_AUTOS = YES;
				INFOPLIST_FILE = "MjTsumotterUnitTest/MjTsumotterUnitTest-Info.plist";
				IPHONEOS_DEPLOYMENT_TARGET = 5.1;
				PRODUCT_NAME = "$(TARGET_NAME)";
				WRAPPER_EXTENSION = octest;
			};
			name = Release;
		};
/* End XCBuildConfiguration section */

/* Begin XCConfigurationList section */
		C06C933914AB131100C9D372 /* Build configuration list for PBXProject "MjTsumotter" */ = {
			isa = XCConfigurationList;
			buildConfigurations = (
				C06C935A14AB131100C9D372 /* Debug */,
				C06C935B14AB131100C9D372 /* Release */,
			);
			defaultConfigurationIsVisible = 0;
			defaultConfigurationName = Release;
		};
		C06C935C14AB131100C9D372 /* Build configuration list for PBXNativeTarget "MjTsumotter" */ = {
			isa = XCConfigurationList;
			buildConfigurations = (
				C06C935D14AB131100C9D372 /* Debug */,
				C06C935E14AB131100C9D372 /* Release */,
			);
			defaultConfigurationIsVisible = 0;
			defaultConfigurationName = Release;
		};
		C0E9A425150F587C00A8AD81 /* Build configuration list for PBXNativeTarget "MjTsumotterUnitTest" */ = {
			isa = XCConfigurationList;
			buildConfigurations = (
				C0E9A426150F587C00A8AD81 /* Debug */,
				C0E9A427150F587C00A8AD81 /* Release */,
			);
			defaultConfigurationIsVisible = 0;
			defaultConfigurationName = Release;
		};
/* End XCConfigurationList section */

/* Begin XCVersionGroup section */
		C06C935714AB131100C9D372 /* MjTsumotter.xcdatamodeld */ = {
			isa = XCVersionGroup;
			children = (
				C06C935814AB131100C9D372 /* MjTsumotter.xcdatamodel */,
			);
			currentVersion = C06C935814AB131100C9D372 /* MjTsumotter.xcdatamodel */;
			path = MjTsumotter.xcdatamodeld;
			sourceTree = "<group>";
			versionGroupType = wrapper.xcdatamodel;
		};
/* End XCVersionGroup section */
	};
	rootObject = C06C933614AB131100C9D372 /* Project object */;
}
